# This file is automatically @generated by Poetry 1.6.1 and should not be changed by hand.

[[package]]
name = "sqlglot"
version = "19.7.0"
description = "An easily customizable SQL parser and transpiler"
optional = false
python-versions = ">=3.7"
files = [
    {file = "sqlglot-19.7.0-py3-none-any.whl", hash = "sha256:ade07ac69c96a9e164bd7a5bfe93d4fffc441e08285eec35ac7d5c060c4befe6"},
    {file = "sqlglot-19.7.0.tar.gz", hash = "sha256:50d6f7dcb2d34159aa29b63502b0b60a4b47db3c0744dfe7f663551f356f2fee"},
]

[package.extras]
dev = ["autoflake", "black", "duckdb (>=0.6)", "isort", "mypy (>=0.990)", "pandas", "pdoc", "pre-commit", "pyspark", "python-dateutil", "types-python-dateutil"]

[metadata]
lock-version = "2.0"
python-versions = "^3.10"
content-hash = "a8aca96fc0683c75a4c0a5fdec08a42a507933f99784c38f4030ac7d34befe89"
