# This file is automatically @generated by Poetry and should not be changed by hand.

[[package]]
name = "bleak"
version = "0.20.2"
description = "Bluetooth Low Energy platform Agnostic Klient"
category = "main"
optional = false
python-versions = ">=3.7,<4.0"
files = [
    {file = "bleak-0.20.2-py3-none-any.whl", hash = "sha256:ce3106b7258212d92bb77be06f9301774f51f5bbc9f7cd50976ad794e9514dba"},
    {file = "bleak-0.20.2.tar.gz", hash = "sha256:6c92a47abe34e6dea8ffc5cea9457cbff6e1be966854839dbc25cddb36b79ee4"},
]

[package.dependencies]
bleak-winrt = {version = ">=1.2.0,<2.0.0", markers = "platform_system == \"Windows\""}
dbus-fast = {version = ">=1.83.0,<2.0.0", markers = "platform_system == \"Linux\""}
pyobjc-core = {version = ">=9.0.1,<10.0.0", markers = "platform_system == \"Darwin\""}
pyobjc-framework-CoreBluetooth = {version = ">=9.0.1,<10.0.0", markers = "platform_system == \"Darwin\""}
pyobjc-framework-libdispatch = {version = ">=9.0.1,<10.0.0", markers = "platform_system == \"Darwin\""}

[[package]]
name = "bleak-winrt"
version = "1.2.0"
description = "Python WinRT bindings for Bleak"
category = "main"
optional = false
python-versions = "*"
files = [
    {file = "bleak-winrt-1.2.0.tar.gz", hash = "sha256:0577d070251b9354fc6c45ffac57e39341ebb08ead014b1bdbd43e211d2ce1d6"},
    {file = "bleak_winrt-1.2.0-cp310-cp310-win32.whl", hash = "sha256:a2ae3054d6843ae0cfd3b94c83293a1dfd5804393977dd69bde91cb5099fc47c"},
    {file = "bleak_winrt-1.2.0-cp310-cp310-win_amd64.whl", hash = "sha256:677df51dc825c6657b3ae94f00bd09b8ab88422b40d6a7bdbf7972a63bc44e9a"},
    {file = "bleak_winrt-1.2.0-cp311-cp311-win32.whl", hash = "sha256:9449cdb942f22c9892bc1ada99e2ccce9bea8a8af1493e81fefb6de2cb3a7b80"},
    {file = "bleak_winrt-1.2.0-cp311-cp311-win_amd64.whl", hash = "sha256:98c1b5a6a6c431ac7f76aa4285b752fe14a1c626bd8a1dfa56f66173ff120bee"},
    {file = "bleak_winrt-1.2.0-cp37-cp37m-win32.whl", hash = "sha256:623ac511696e1f58d83cb9c431e32f613395f2199b3db7f125a3d872cab968a4"},
    {file = "bleak_winrt-1.2.0-cp37-cp37m-win_amd64.whl", hash = "sha256:13ab06dec55469cf51a2c187be7b630a7a2922e1ea9ac1998135974a7239b1e3"},
    {file = "bleak_winrt-1.2.0-cp38-cp38-win32.whl", hash = "sha256:5a36ff8cd53068c01a795a75d2c13054ddc5f99ce6de62c1a97cd343fc4d0727"},
    {file = "bleak_winrt-1.2.0-cp38-cp38-win_amd64.whl", hash = "sha256:810c00726653a962256b7acd8edf81ab9e4a3c66e936a342ce4aec7dbd3a7263"},
    {file = "bleak_winrt-1.2.0-cp39-cp39-win32.whl", hash = "sha256:dd740047a08925bde54bec357391fcee595d7b8ca0c74c87170a5cbc3f97aa0a"},
    {file = "bleak_winrt-1.2.0-cp39-cp39-win_amd64.whl", hash = "sha256:63130c11acfe75c504a79c01f9919e87f009f5e742bfc7b7a5c2a9c72bf591a7"},
]

[[package]]
name = "dbus-fast"
version = "1.87.5"
description = "A faster version of dbus-next"
category = "main"
optional = false
python-versions = ">=3.7,<4.0"
files = [
    {file = "dbus_fast-1.87.5-cp310-cp310-manylinux_2_17_i686.manylinux_2_5_i686.manylinux1_i686.manylinux2014_i686.whl", hash = "sha256:365ee705df712263951e0068d101e3015883f320a52038052941ab4fbd9de107"},
    {file = "dbus_fast-1.87.5-cp310-cp310-manylinux_2_17_x86_64.manylinux2014_x86_64.whl", hash = "sha256:8223e70113c71f43ce805046ad1eb58ffd1647428cb51edcd952372b550c6941"},
    {file = "dbus_fast-1.87.5-cp310-cp310-manylinux_2_31_x86_64.whl", hash = "sha256:96e2557fe8ab8bd4fed1f881f3c6343448c62e26af5d89242298aef60aa951d5"},
    {file = "dbus_fast-1.87.5-cp310-cp310-musllinux_1_1_i686.whl", hash = "sha256:6a9e41cb50f4dcd7ab5f19649db8877c5afb8905f7c2b1208d2565a657f537a5"},
    {file = "dbus_fast-1.87.5-cp310-cp310-musllinux_1_1_x86_64.whl", hash = "sha256:780aaff338bde2aa1d6ebaf0a654995c11f23dc1702e586494e5632c676ccf59"},
    {file = "dbus_fast-1.87.5-cp311-cp311-manylinux_2_17_i686.manylinux_2_5_i686.manylinux1_i686.manylinux2014_i686.whl", hash = "sha256:67c979e11e54cc01216b76a9a1f881821a4437819ed7db724b08a50bceafadfc"},
    {file = "dbus_fast-1.87.5-cp311-cp311-manylinux_2_17_x86_64.manylinux2014_x86_64.whl", hash = "sha256:79d1268f51d1ce8c8b5f3403c4ddccceb343dd004e99ddd51ecf096953b3223c"},
    {file = "dbus_fast-1.87.5-cp311-cp311-musllinux_1_1_i686.whl", hash = "sha256:006854a31e734d65f6ed550f5cabd9c92fe49ffab59e1e4133a9c1cc56be1919"},
    {file = "dbus_fast-1.87.5-cp311-cp311-musllinux_1_1_x86_64.whl", hash = "sha256:69c2c13ef27fc360e589dc44dc8faf6795969ef9c8cbf207e51b2f6cdb78d887"},
    {file = "dbus_fast-1.87.5-cp37-cp37m-manylinux_2_17_i686.manylinux_2_5_i686.manylinux1_i686.manylinux2014_i686.whl", hash = "sha256:e38f7b0a192c51ba7690b6e3511b77703d746b92e2166b5a81f2f0ac94cedc0d"},
    {file = "dbus_fast-1.87.5-cp37-cp37m-manylinux_2_17_x86_64.manylinux2014_x86_64.whl", hash = "sha256:301b48f2d28eb43346820aa2c1cacd3ab5b767db7c83f6e8af9b1ab8043a14c4"},
    {file = "dbus_fast-1.87.5-cp37-cp37m-musllinux_1_1_i686.whl", hash = "sha256:0770631c7707fa6ed8939b61b51e3af8b90924df5b6e130f9308e1f7d77f0bcd"},
    {file = "dbus_fast-1.87.5-cp37-cp37m-musllinux_1_1_x86_64.whl", hash = "sha256:82d7e98409263ee26f27015c79dff56a75c99c43d581974a597faca0697fff87"},
    {file = "dbus_fast-1.87.5-cp38-cp38-manylinux_2_17_i686.manylinux_2_5_i686.manylinux1_i686.manylinux2014_i686.whl", hash = "sha256:5209ba8b6495c3584f26e5c3813cabb6d38949c1bca5556e4b3a44696d0bfa13"},
    {file = "dbus_fast-1.87.5-cp38-cp38-manylinux_2_17_x86_64.manylinux2014_x86_64.whl", hash = "sha256:648959d894cb469d029c8a63db276d57ad4cff2d8c1df03f2ab8e2e65b8a4ce1"},
    {file = "dbus_fast-1.87.5-cp38-cp38-musllinux_1_1_i686.whl", hash = "sha256:196aa50bb15aca3f08bee2d1c2a3dc5af4695590b0f50fa3763114e1dfd45b4e"},
    {file = "dbus_fast-1.87.5-cp38-cp38-musllinux_1_1_x86_64.whl", hash = "sha256:d73537728e31231c343af3f19196f6432e36f45c9c2fb88a2acad84487af2deb"},
    {file = "dbus_fast-1.87.5-cp39-cp39-manylinux_2_17_i686.manylinux_2_5_i686.manylinux1_i686.manylinux2014_i686.whl", hash = "sha256:7bbd6806bdbf5f794fd07025a040f9211f0791dac8053dc14dacb78fc1dba3a7"},
    {file = "dbus_fast-1.87.5-cp39-cp39-manylinux_2_17_x86_64.manylinux2014_x86_64.whl", hash = "sha256:a3df6d11311a5e90dbd3f2f887f97342cc8caffeb63efb1d6dcf7e01492687ae"},
    {file = "dbus_fast-1.87.5-cp39-cp39-musllinux_1_1_i686.whl", hash = "sha256:ad138f9f969b4e8722d8d73b9cbca57e53654aa8bed5a83820b47399fc99dfdd"},
    {file = "dbus_fast-1.87.5-cp39-cp39-musllinux_1_1_x86_64.whl", hash = "sha256:f0041ef4ae197a69cad10629730b6bd4f659c488d430b137bba79f13b4b2c9f9"},
    {file = "dbus_fast-1.87.5-pp310-pypy310_pp73-manylinux_2_17_i686.manylinux_2_5_i686.manylinux1_i686.manylinux2014_i686.whl", hash = "sha256:869b13eb97e1898acd6117bdcea6e75ecb5bbd63781ca068c0199277d5ba21c7"},
    {file = "dbus_fast-1.87.5-pp310-pypy310_pp73-manylinux_2_17_x86_64.manylinux_2_5_x86_64.manylinux1_x86_64.manylinux2014_x86_64.whl", hash = "sha256:b04b8b3423a5b1b2e66527963457db25cf15e6db9bab84096ff283d647acc419"},
    {file = "dbus_fast-1.87.5-pp37-pypy37_pp73-manylinux_2_17_i686.manylinux_2_5_i686.manylinux1_i686.manylinux2014_i686.whl", hash = "sha256:85f26e68e4d77f90619012ddb3c0bd4b874c0701451da7be64ea14b84e739af1"},
    {file = "dbus_fast-1.87.5-pp37-pypy37_pp73-manylinux_2_17_x86_64.manylinux2014_x86_64.whl", hash = "sha256:ea1374806c2fb43472b582e03049a832bb6e36e07157efb00b7effc927fd30b1"},
    {file = "dbus_fast-1.87.5-pp38-pypy38_pp73-manylinux_2_17_i686.manylinux_2_5_i686.manylinux1_i686.manylinux2014_i686.whl", hash = "sha256:47cd0708f33277e0fbd0e7789b6296c14937d18ab8363d61e68dbf90de5b1821"},
    {file = "dbus_fast-1.87.5-pp38-pypy38_pp73-manylinux_2_17_x86_64.manylinux2014_x86_64.whl", hash = "sha256:8d6c0ad045bc617d7de316f4d71edcf09b487fa2ad5fd7ff82649cd778b430fb"},
    {file = "dbus_fast-1.87.5-pp39-pypy39_pp73-manylinux_2_17_i686.manylinux_2_5_i686.manylinux1_i686.manylinux2014_i686.whl", hash = "sha256:97c88b1f595d2fe355f81e51fbe0679876c766533dca803180e249c7d3103805"},
    {file = "dbus_fast-1.87.5-pp39-pypy39_pp73-manylinux_2_17_x86_64.manylinux2014_x86_64.whl", hash = "sha256:5157697351f0836d82ce254923bb9ab1d03eb7bba1762c7e7bed3e8771028e57"},
    {file = "dbus_fast-1.87.5.tar.gz", hash = "sha256:a7e7e99f3bf81222eb729f4358b3295db8c7c998adbaf9ebadfe8f5482638aac"},
]

[[package]]
name = "markdown-it-py"
version = "3.0.0"
description = "Python port of markdown-it. Markdown parsing, done right!"
category = "main"
optional = false
python-versions = ">=3.8"
files = [
    {file = "markdown-it-py-3.0.0.tar.gz", hash = "sha256:e3f60a94fa066dc52ec76661e37c851cb232d92f9886b15cb560aaada2df8feb"},
    {file = "markdown_it_py-3.0.0-py3-none-any.whl", hash = "sha256:355216845c60bd96232cd8d8c40e8f9765cc86f46880e43a8fd22dc1a1a8cab1"},
]

[package.dependencies]
mdurl = ">=0.1,<1.0"

[package.extras]
benchmarking = ["psutil", "pytest", "pytest-benchmark"]
code-style = ["pre-commit (>=3.0,<4.0)"]
compare = ["commonmark (>=0.9,<1.0)", "markdown (>=3.4,<4.0)", "mistletoe (>=1.0,<2.0)", "mistune (>=2.0,<3.0)", "panflute (>=2.3,<3.0)"]
linkify = ["linkify-it-py (>=1,<3)"]
plugins = ["mdit-py-plugins"]
profiling = ["gprof2dot"]
rtd = ["jupyter_sphinx", "mdit-py-plugins", "myst-parser", "pyyaml", "sphinx", "sphinx-copybutton", "sphinx-design", "sphinx_book_theme"]
testing = ["coverage", "pytest", "pytest-cov", "pytest-regressions"]

[[package]]
name = "mdurl"
version = "0.1.2"
description = "Markdown URL utilities"
category = "main"
optional = false
python-versions = ">=3.7"
files = [
    {file = "mdurl-0.1.2-py3-none-any.whl", hash = "sha256:84008a41e51615a49fc9966191ff91509e3c40b939176e643fd50a5c2196b8f8"},
    {file = "mdurl-0.1.2.tar.gz", hash = "sha256:bb413d29f5eea38f31dd4754dd7377d4465116fb207585f97bf925588687c1ba"},
]

[[package]]
name = "pygments"
version = "2.15.1"
description = "Pygments is a syntax highlighting package written in Python."
category = "main"
optional = false
python-versions = ">=3.7"
files = [
    {file = "Pygments-2.15.1-py3-none-any.whl", hash = "sha256:db2db3deb4b4179f399a09054b023b6a586b76499d36965813c71aa8ed7b5fd1"},
    {file = "Pygments-2.15.1.tar.gz", hash = "sha256:8ace4d3c1dd481894b2005f560ead0f9f19ee64fe983366be1a21e171d12775c"},
]

[package.extras]
plugins = ["importlib-metadata"]

[[package]]
name = "pyobjc-core"
version = "9.2"
description = "Python<->ObjC Interoperability Module"
category = "main"
optional = false
python-versions = ">=3.7"
files = [
    {file = "pyobjc-core-9.2.tar.gz", hash = "sha256:d734b9291fec91ff4e3ae38b9c6839debf02b79c07314476e87da8e90b2c68c3"},
    {file = "pyobjc_core-9.2-cp310-cp310-macosx_10_9_universal2.whl", hash = "sha256:fa674a39949f5cde8e5c7bbcd24496446bfc67592b028aedbec7f81dc5fc4daa"},
    {file = "pyobjc_core-9.2-cp311-cp311-macosx_10_9_universal2.whl", hash = "sha256:bbc8de304ee322a1ee530b4d2daca135a49b4a49aa3cedc6b2c26c43885f4842"},
    {file = "pyobjc_core-9.2-cp312-cp312-macosx_10_9_universal2.whl", hash = "sha256:0fa950f092673883b8bd28bc18397415cabb457bf410920762109b411789ade9"},
    {file = "pyobjc_core-9.2-cp37-cp37m-macosx_10_9_x86_64.whl", hash = "sha256:586e4cae966282eaa61b21cae66ccdcee9d69c036979def26eebdc08ddebe20f"},
    {file = "pyobjc_core-9.2-cp38-cp38-macosx_10_9_x86_64.whl", hash = "sha256:41189c2c680931c0395a55691763c481fc681f454f21bb4f1644f98c24a45954"},
    {file = "pyobjc_core-9.2-cp38-cp38-macosx_11_0_universal2.whl", hash = "sha256:2d23ee539f2ba5e9f5653d75a13f575c7e36586fc0086792739e69e4c2617eda"},
    {file = "pyobjc_core-9.2-cp39-cp39-macosx_10_9_universal2.whl", hash = "sha256:b9809cf96678797acb72a758f34932fe8e2602d5ab7abec15c5ac68ddb481720"},
]

[[package]]
name = "pyobjc-framework-cocoa"
version = "9.2"
description = "Wrappers for the Cocoa frameworks on macOS"
category = "main"
optional = false
python-versions = ">=3.7"
files = [
    {file = "pyobjc-framework-Cocoa-9.2.tar.gz", hash = "sha256:efd78080872d8c8de6c2b97e0e4eac99d6203a5d1637aa135d071d464eb2db53"},
    {file = "pyobjc_framework_Cocoa-9.2-cp310-cp310-macosx_10_9_universal2.whl", hash = "sha256:9e02d8a7cc4eb7685377c50ba4f17345701acf4c05b1e7480d421bff9e2f62a4"},
    {file = "pyobjc_framework_Cocoa-9.2-cp311-cp311-macosx_10_9_universal2.whl", hash = "sha256:3b1e6287b3149e4c6679cdbccd8e9ef6557a4e492a892e80a77df143f40026d2"},
    {file = "pyobjc_framework_Cocoa-9.2-cp312-cp312-macosx_10_9_universal2.whl", hash = "sha256:312977ce2e3989073c6b324c69ba24283de206fe7acd6dbbbaf3e29238a22537"},
    {file = "pyobjc_framework_Cocoa-9.2-cp37-cp37m-macosx_10_9_x86_64.whl", hash = "sha256:aae7841cf40c26dd915f4dd828f91c6616e6b7998630b72e704750c09e00f334"},
    {file = "pyobjc_framework_Cocoa-9.2-cp38-cp38-macosx_10_9_x86_64.whl", hash = "sha256:739a421e14382a46cbeb9a883f192dceff368ad28ec34d895c48c0ad34cf2c1d"},
    {file = "pyobjc_framework_Cocoa-9.2-cp38-cp38-macosx_11_0_universal2.whl", hash = "sha256:32d9ac1033fac1b821ddee8c68f972a7074ad8c50bec0bea9a719034c1c2fb94"},
    {file = "pyobjc_framework_Cocoa-9.2-cp39-cp39-macosx_10_9_universal2.whl", hash = "sha256:b236bb965e41aeb2e215d4e98a5a230d4b63252c6d26e00924ea2e69540a59d6"},
]

[package.dependencies]
pyobjc-core = ">=9.2"

[[package]]
name = "pyobjc-framework-corebluetooth"
version = "9.2"
description = "Wrappers for the framework CoreBluetooth on macOS"
category = "main"
optional = false
python-versions = ">=3.7"
files = [
    {file = "pyobjc-framework-CoreBluetooth-9.2.tar.gz", hash = "sha256:cb2481b1dfe211ae9ce55f36537dc8155dbf0dc8ff26e0bc2e13f7afb0a291d1"},
    {file = "pyobjc_framework_CoreBluetooth-9.2-cp36-abi3-macosx_10_9_universal2.whl", hash = "sha256:53d888742119d0f0c725d0b0c2389f68e8f21f0cba6d6aec288c53260a0196b6"},
    {file = "pyobjc_framework_CoreBluetooth-9.2-cp36-abi3-macosx_10_9_x86_64.whl", hash = "sha256:179532882126526e38fe716a50fb0ee8f440e0b838d290252c515e622b5d0e49"},
    {file = "pyobjc_framework_CoreBluetooth-9.2-cp36-abi3-macosx_11_0_universal2.whl", hash = "sha256:256a5031ea9d8a7406541fa1b0dfac549b1de93deae8284605f9355b13fb58be"},
]

[package.dependencies]
pyobjc-core = ">=9.2"
pyobjc-framework-Cocoa = ">=9.2"

[[package]]
name = "pyobjc-framework-libdispatch"
version = "9.2"
description = "Wrappers for libdispatch on macOS"
category = "main"
optional = false
python-versions = ">=3.7"
files = [
    {file = "pyobjc-framework-libdispatch-9.2.tar.gz", hash = "sha256:542e7f7c2b041939db5ed6f3119c1d67d73ec14a996278b92485f8513039c168"},
    {file = "pyobjc_framework_libdispatch-9.2-cp310-cp310-macosx_10_9_universal2.whl", hash = "sha256:88d4091d4bcb5702783d6e86b4107db973425a17d1de491543f56bd348909b60"},
    {file = "pyobjc_framework_libdispatch-9.2-cp311-cp311-macosx_10_9_universal2.whl", hash = "sha256:1a67b007113328538b57893cc7829a722270764cdbeae6d5e1460a1d911314df"},
    {file = "pyobjc_framework_libdispatch-9.2-cp312-cp312-macosx_10_9_universal2.whl", hash = "sha256:6fccea1a57436cf1ac50d9ebc6e3e725bcf77f829ba6b118e62e6ed7866d359d"},
    {file = "pyobjc_framework_libdispatch-9.2-cp37-cp37m-macosx_10_9_x86_64.whl", hash = "sha256:6eba747b7ad91b0463265a7aee59235bb051fb97687f35ca2233690369b5e4e4"},
    {file = "pyobjc_framework_libdispatch-9.2-cp38-cp38-macosx_10_9_x86_64.whl", hash = "sha256:2e835495860d04f63c2d2f73ae3dd79da4222864c107096dc0f99e8382700026"},
    {file = "pyobjc_framework_libdispatch-9.2-cp38-cp38-macosx_11_0_universal2.whl", hash = "sha256:1b107e5c3580b09553030961ea6b17abad4a5132101eab1af3ad2cb36d0f08bb"},
    {file = "pyobjc_framework_libdispatch-9.2-cp39-cp39-macosx_10_9_universal2.whl", hash = "sha256:83cdb672acf722717b5ecf004768f215f02ac02d7f7f2a9703da6e921ab02222"},
]

[package.dependencies]
pyobjc-core = ">=9.2"

[[package]]
name = "rich"
version = "13.5.1"
description = "Render rich text, tables, progress bars, syntax highlighting, markdown and more to the terminal"
category = "main"
optional = false
python-versions = ">=3.7.0"
files = [
    {file = "rich-13.5.1-py3-none-any.whl", hash = "sha256:b97381b204a206e1be618f5e1215a57174a1a7732490b3bf6668cf41d30bc72d"},
    {file = "rich-13.5.1.tar.gz", hash = "sha256:881653ee7037803559d8eae98f145e0a4c4b0ec3ff0300d2cc8d479c71fc6819"},
]

[package.dependencies]
markdown-it-py = ">=2.2.0"
pygments = ">=2.13.0,<3.0.0"

[package.extras]
jupyter = ["ipywidgets (>=7.5.1,<9)"]

[[package]]
name = "simplepyble"
version = "0.6.1"
description = "The ultimate fully-fledged cross-platform BLE library, designed for simplicity and ease of use."
category = "main"
optional = false
python-versions = ">=3.7"
files = [
    {file = "simplepyble-0.6.1-cp310-cp310-macosx_10_15_universal2.whl", hash = "sha256:8936df700253c1247de8ba5a6b5535ef158d268e29f0da6ddb5aae8f0b8a5687"},
    {file = "simplepyble-0.6.1-cp310-cp310-macosx_10_15_x86_64.whl", hash = "sha256:11a02bc2b49468eab22abe3e437fa61bb6f4a07ebe38abb8c6f15262cda0d07d"},
    {file = "simplepyble-0.6.1-cp310-cp310-macosx_11_0_arm64.whl", hash = "sha256:ad35915894655663ac7aa1caa90edc8ac2de14a9c338b6d88c0e3568387b6abc"},
    {file = "simplepyble-0.6.1-cp310-cp310-manylinux_2_17_aarch64.manylinux2014_aarch64.whl", hash = "sha256:ac02461c741d74f5e219094f1ea8cb40b4245620971fa116aea4e17ceae12e73"},
    {file = "simplepyble-0.6.1-cp310-cp310-manylinux_2_17_i686.manylinux2014_i686.whl", hash = "sha256:957170ccbfcc3a2bb1114dced504aeb2b5c9a5c972bbb315fc1c9ba97bab3d6b"},
    {file = "simplepyble-0.6.1-cp310-cp310-manylinux_2_17_x86_64.manylinux2014_x86_64.whl", hash = "sha256:ba31f765c868ccdeeb9f0fc7a65b351660a18645f03125a81f96ae9279205b00"},
    {file = "simplepyble-0.6.1-cp310-cp310-win32.whl", hash = "sha256:5123b5bad9dd4ccb53a0b162797edd9de73b6531b3676be43ce50b4670527019"},
    {file = "simplepyble-0.6.1-cp310-cp310-win_amd64.whl", hash = "sha256:856e2703e798dbc5e284636f7ee439455824e48cc987d9aae173db5696fff3bc"},
    {file = "simplepyble-0.6.1-cp311-cp311-macosx_10_15_universal2.whl", hash = "sha256:7f8a24633a0da1527024eb760bd3fd4d7e03656d551c9965cac9ed5ad4dd4694"},
    {file = "simplepyble-0.6.1-cp311-cp311-macosx_10_15_x86_64.whl", hash = "sha256:bdd6e4ea1994addf6f5c94911277db782d62c499d987c088fbdd2abd96f328fc"},
    {file = "simplepyble-0.6.1-cp311-cp311-macosx_11_0_arm64.whl", hash = "sha256:0949c0ff69b55cfd47c068d2d2722568f8177158a93bad99fe5be01341e780a4"},
    {file = "simplepyble-0.6.1-cp311-cp311-manylinux_2_17_aarch64.manylinux2014_aarch64.whl", hash = "sha256:370807ab54bfeb1999e5f77ad76cea72d71ebc03aaf39746a3080fe11c7ec173"},
    {file = "simplepyble-0.6.1-cp311-cp311-manylinux_2_17_i686.manylinux2014_i686.whl", hash = "sha256:b8cd892fbdebb568b0419bce150e9cd550535aa9aa96d5a62a2d59a2496e20a0"},
    {file = "simplepyble-0.6.1-cp311-cp311-manylinux_2_17_x86_64.manylinux2014_x86_64.whl", hash = "sha256:3118822bcb3ff3eb56a0f478077a2c44d42a796fffb079f6f0b7069930d09682"},
    {file = "simplepyble-0.6.1-cp311-cp311-win32.whl", hash = "sha256:87570425340d3454fd68e256aca8f403efa612e0558d65dd529d1c0f0a8acf42"},
    {file = "simplepyble-0.6.1-cp311-cp311-win_amd64.whl", hash = "sha256:38ddb1f96f813d9bd31370700cf85c6303a0d8daf50151540475d3dd622776ad"},
    {file = "simplepyble-0.6.1-cp37-cp37m-macosx_10_15_x86_64.whl", hash = "sha256:dd2e012f3911363009a837c3e22ea767df5a8c2afe9cfddc5e582e2c75be341a"},
    {file = "simplepyble-0.6.1-cp37-cp37m-manylinux_2_17_aarch64.manylinux2014_aarch64.whl", hash = "sha256:5d856b86f918802cfa9ce28c94bce27844e04576fd48715535c2d64c045e7982"},
    {file = "simplepyble-0.6.1-cp37-cp37m-manylinux_2_17_i686.manylinux2014_i686.whl", hash = "sha256:37eb8f2722f02b3cc2c45bc289a547784f30e138499b6ba2d1877863b3c239c5"},
    {file = "simplepyble-0.6.1-cp37-cp37m-manylinux_2_17_x86_64.manylinux2014_x86_64.whl", hash = "sha256:7040a084981a096cd129a7347ff84dd638acea2e06c37b41f28a68de76b75bbc"},
    {file = "simplepyble-0.6.1-cp37-cp37m-win32.whl", hash = "sha256:0d600628aead2217a267446ac921f4e21b7086d9480df24505704f83e19983cd"},
    {file = "simplepyble-0.6.1-cp37-cp37m-win_amd64.whl", hash = "sha256:4d782999ed159ff0b45be24b87887089cbc7b6d111fccbc20a28431e3c73a18b"},
    {file = "simplepyble-0.6.1-cp38-cp38-macosx_10_15_universal2.whl", hash = "sha256:35809f92c5441e6426f43bcb197257483f3364db9254c74f5f85f00bea4c78b4"},
    {file = "simplepyble-0.6.1-cp38-cp38-macosx_10_15_x86_64.whl", hash = "sha256:dcbea1fb2b69bb8c21096fdef33351fabb92b6ab54204963e9a7100cc4d8088b"},
    {file = "simplepyble-0.6.1-cp38-cp38-macosx_11_0_arm64.whl", hash = "sha256:277dcc335011a2a6f2c52d95b950f31073f4a5e066aaa1f60dbccafc1c95f829"},
    {file = "simplepyble-0.6.1-cp38-cp38-manylinux_2_17_aarch64.manylinux2014_aarch64.whl", hash = "sha256:e98f8cbeeb30ef3893bba868eb20f150b09d803106088f08abafc7b89547022d"},
    {file = "simplepyble-0.6.1-cp38-cp38-manylinux_2_17_i686.manylinux2014_i686.whl", hash = "sha256:9f7995bc7b7187c7f098d3fd7bf2e35f0bf9afe78d13cd56e3b2d47864b79347"},
    {file = "simplepyble-0.6.1-cp38-cp38-manylinux_2_17_x86_64.manylinux2014_x86_64.whl", hash = "sha256:834a928ddaf0ced54c57deac207cef3e671587eb5327a961c69ed72352bac67c"},
    {file = "simplepyble-0.6.1-cp38-cp38-win32.whl", hash = "sha256:291ed7bd65d4ea5a92af8f1f2fbfd7dbbe577cbe4de8f865a692847025557923"},
    {file = "simplepyble-0.6.1-cp38-cp38-win_amd64.whl", hash = "sha256:7a9ace6e384ebf7611e25b84804f82317f7573d7650e99ffab385706a4e0fffa"},
    {file = "simplepyble-0.6.1-cp39-cp39-macosx_10_15_universal2.whl", hash = "sha256:de13636db278afed5b51597685a1716b8ba8937e74992c475987d2fa3a858df6"},
    {file = "simplepyble-0.6.1-cp39-cp39-macosx_10_15_x86_64.whl", hash = "sha256:d5fa1339c29fd3a1345fb077c9c8db1de202fbe503e4385959367c44fc4113f9"},
    {file = "simplepyble-0.6.1-cp39-cp39-macosx_11_0_arm64.whl", hash = "sha256:15f020f1592d6565c346efafab123a4feae6cc8be2618d81e0f02322410f9b34"},
    {file = "simplepyble-0.6.1-cp39-cp39-manylinux_2_17_aarch64.manylinux2014_aarch64.whl", hash = "sha256:62625ed4f82ba58a680cf02673ca4107ccd248e65b5d19cb10f2b1466d528253"},
    {file = "simplepyble-0.6.1-cp39-cp39-manylinux_2_17_i686.manylinux2014_i686.whl", hash = "sha256:9d1ad577be1a2f5cc876e4f171ea3d00856544809e7e8bb47e1eaa4904e90c13"},
    {file = "simplepyble-0.6.1-cp39-cp39-manylinux_2_17_x86_64.manylinux2014_x86_64.whl", hash = "sha256:c0785f1f70a8cc33de8ceab2d1f9f471e70f4e05e4b38c8df11c13bef7a106ca"},
    {file = "simplepyble-0.6.1-cp39-cp39-win32.whl", hash = "sha256:ef2051b70740e9f2a633d2fb48fb012c25cda122f4ab16eb480557f2271a65bb"},
    {file = "simplepyble-0.6.1-cp39-cp39-win_amd64.whl", hash = "sha256:2f2e01b2c9e4973a0d1b9c304f673368dc004aa4ce9aa8e6630fea5688a75421"},
    {file = "simplepyble-0.6.1.tar.gz", hash = "sha256:f9c9a5d4f7880466aab4d33835402103d8331385d557581140895baeb3434e36"},
]

[metadata]
lock-version = "2.0"
python-versions = "^3.11"
content-hash = "e68bc33a077d444399a94bd067f3cc9986160179d8a89766fd45b6ef3e68ba0b"
