version = 1
revision = 2
requires-python = ">=3.13"

[[package]]
name = "ai-container"
version = "0.3.0"
source = { editable = "." }
dependencies = [
    { name = "click" },
    { name = "rust-just" },
]

[package.metadata]
requires-dist = [
    { name = "click" },
    { name = "rust-just", specifier = ">=1.46.0" },
]

[[package]]
name = "click"
version = "8.3.1"
source = { registry = "https://pypi.org/simple" }
dependencies = [
    { name = "colorama", marker = "sys_platform == 'win32'" },
]
sdist = { url = "https://files.pythonhosted.org/packages/3d/fa/656b739db8587d7b5dfa22e22ed02566950fbfbcdc20311993483657a5c0/click-8.3.1.tar.gz", hash = "sha256:12ff4785d337a1bb490bb7e9c2b1ee5da3112e94a8622f26a6c77f5d2fc6842a", size = 295065, upload-time = "2025-11-15T20:45:42.706Z" }
wheels = [
    { url = "https://files.pythonhosted.org/packages/98/78/01c019cdb5d6498122777c1a43056ebb3ebfeef2076d9d026bfe15583b2b/click-8.3.1-py3-none-any.whl", hash = "sha256:981153a64e25f12d547d3426c367a4857371575ee7ad18df2a6183ab0545b2a6", size = 108274, upload-time = "2025-11-15T20:45:41.139Z" },
]

[[package]]
name = "colorama"
version = "0.4.6"
source = { registry = "https://pypi.org/simple" }
sdist = { url = "https://files.pythonhosted.org/packages/d8/53/6f443c9a4a8358a93a6792e2acffb9d9d5cb0a5cfd8802644b7b1c9a02e4/colorama-0.4.6.tar.gz", hash = "sha256:08695f5cb7ed6e0531a20572697297273c47b8cae5a63ffc6d6ed5c201be6e44", size = 27697, upload-time = "2022-10-25T02:36:22.414Z" }
wheels = [
    { url = "https://files.pythonhosted.org/packages/d1/d6/3965ed04c63042e047cb6a3e6ed1a63a35087b6a609aa3a15ed8ac56c221/colorama-0.4.6-py2.py3-none-any.whl", hash = "sha256:4f1d9991f5acc0ca119f9d443620b77f9d6b33703e51011c16baf57afb285fc6", size = 25335, upload-time = "2022-10-25T02:36:20.889Z" },
]

[[package]]
name = "rust-just"
version = "1.46.0"
source = { registry = "https://pypi.org/simple" }
sdist = { url = "https://files.pythonhosted.org/packages/26/50/3828817f76e19977a4048c2c8b39a7f48babc21dd9dbed4af2f3c18d4570/rust_just-1.46.0.tar.gz", hash = "sha256:84437481c814577529835132e2cc5fcc35a981c1712e4877cb20fc2f5ec5b2d6", size = 1447346, upload-time = "2026-01-03T02:03:17.948Z" }
wheels = [
    { url = "https://files.pythonhosted.org/packages/53/0b/a5bf2707b02a484d91f8275efa39f76fe19304f5bfba82293fa4b18608d2/rust_just-1.46.0-py3-none-macosx_10_12_x86_64.whl", hash = "sha256:7d6d4c67a443f1acb1f78f9ba4b3349fa04f17e8be2d4448b771cdc93a382812", size = 1739556, upload-time = "2026-01-03T02:02:42.835Z" },
    { url = "https://files.pythonhosted.org/packages/3a/ae/40bcd996ccb2fcb0152b5bfde7beaf3840877a8837611421c495b45c82da/rust_just-1.46.0-py3-none-macosx_11_0_arm64.whl", hash = "sha256:0caf9b77d30455558d017c9e625ce94c373f88d81656477127727604fa5d36ab", size = 1620974, upload-time = "2026-01-03T02:02:45.341Z" },
    { url = "https://files.pythonhosted.org/packages/62/36/7067e0eaf674ed7c98b35ed50d713c0c885f2d2b57847a627e11502da1b8/rust_just-1.46.0-py3-none-manylinux_2_17_aarch64.manylinux2014_aarch64.whl", hash = "sha256:0b63521acd91c65164c202ded3ae730130c7fb4377f59cd2f9847b45161c94fd", size = 1703423, upload-time = "2026-01-03T02:02:47.681Z" },
    { url = "https://files.pythonhosted.org/packages/dd/47/3e98182f5e03c48880d647651385863552a3e24cfec5c51d116c06e6f180/rust_just-1.46.0-py3-none-manylinux_2_17_armv7l.manylinux2014_armv7l.whl", hash = "sha256:46a35110c7acf27bdded79cf3bbfea9eb80a53f6f81f374248fe3340584c92e5", size = 1666645, upload-time = "2026-01-03T02:02:50.38Z" },
    { url = "https://files.pythonhosted.org/packages/95/5e/b9badf6e6982e5744f076d12ab911e5ac8b4b03a0674bab4f498ed9d0b4c/rust_just-1.46.0-py3-none-manylinux_2_17_i686.manylinux2014_i686.whl", hash = "sha256:1a2407cefc2e5ed4527297747bd5bcb61a885776021cb2438c3a7b118b2cabc2", size = 1847430, upload-time = "2026-01-03T02:02:52.716Z" },
    { url = "https://files.pythonhosted.org/packages/98/10/6916d7c862b99de600a1fd3739d13353c220dfbc0229a0b2c5012c2f801d/rust_just-1.46.0-py3-none-manylinux_2_17_ppc64le.manylinux2014_ppc64le.whl", hash = "sha256:0dab319619f600561b993242312a344953b1ea44637b30257af905a70ce6f568", size = 1926224, upload-time = "2026-01-03T02:02:55.194Z" },
    { url = "https://files.pythonhosted.org/packages/24/93/18bc615e68a80f43105d5e7cc3571e85776aec829ac40faae4de5d5dc2f3/rust_just-1.46.0-py3-none-manylinux_2_17_s390x.manylinux2014_s390x.whl", hash = "sha256:a3b4c26dd86e5d96047fc0935967f22cb9f49c687767d78b7d3fe511eba39ffa", size = 1902165, upload-time = "2026-01-03T02:02:57.636Z" },
    { url = "https://files.pythonhosted.org/packages/2c/1e/e3c19a24ff64e78a04df0bdf4c61e15c28dcac8b7b5c3a5505eb5749d40a/rust_just-1.46.0-py3-none-manylinux_2_17_x86_64.manylinux2014_x86_64.whl", hash = "sha256:acdb496ca26efc508be0e625309b74b1f6316b4f7295d13247c3b791dfa77eb1", size = 1835209, upload-time = "2026-01-03T02:03:00.256Z" },
    { url = "https://files.pythonhosted.org/packages/26/75/0850c38e41025794826165329a097f657152902a785c0579f213b7d61ae6/rust_just-1.46.0-py3-none-musllinux_1_2_aarch64.whl", hash = "sha256:3cf1c32a258f8ee44af877ec271e2eea257923a3303a6d2610b0b5f1523daaab", size = 1719519, upload-time = "2026-01-03T02:03:02.774Z" },
    { url = "https://files.pythonhosted.org/packages/48/85/53c6ee2b9cdbbe1bd43cd0f8096036c29e9e6ba2d3d6344206c490e2ce18/rust_just-1.46.0-py3-none-musllinux_1_2_armv7l.whl", hash = "sha256:657ab85882c124b0fbcd75763035d0dbd20b06c582cc6d4f55017d7b517d5a89", size = 1685664, upload-time = "2026-01-03T02:03:05.514Z" },
    { url = "https://files.pythonhosted.org/packages/33/04/1ad3a66bef0d0f554f0f9971b048bbaf7b3955458f3fda47b48fbf8ff009/rust_just-1.46.0-py3-none-musllinux_1_2_i686.whl", hash = "sha256:644b71bfe68863b71ee2618a88dbfd446ea70e2dcfa7b0e5eaec7b6dc4faceca", size = 1838231, upload-time = "2026-01-03T02:03:07.618Z" },
    { url = "https://files.pythonhosted.org/packages/ab/75/33c2e887a68e57b356cda74d325d6ebe406bb72ad8c4e2d067d4fa9b697b/rust_just-1.46.0-py3-none-musllinux_1_2_x86_64.whl", hash = "sha256:e9d8a879fb86eb1c7f7f83953999ae4ce53ea4e5c0ca531cf6ff09e1e9335ff7", size = 1900319, upload-time = "2026-01-03T02:03:09.873Z" },
    { url = "https://files.pythonhosted.org/packages/44/30/6b1677aa64a4f69f3ec174b5e2a9a49e0ffd06946d4b4dc8295366fbd9dd/rust_just-1.46.0-py3-none-win32.whl", hash = "sha256:100701de91bded3f6f2bf564d09c2f8e483b8dfb490d1c74008ce3c01ff0ff67", size = 1623463, upload-time = "2026-01-03T02:03:12.343Z" },
    { url = "https://files.pythonhosted.org/packages/64/61/97ad7a1ea67b9485404b18150c258015842cf116a1ce626421863fd8f0e1/rust_just-1.46.0-py3-none-win_amd64.whl", hash = "sha256:ccaf8e473f64f5c815b0039e883a1feaf5634b9cdffd1dbff9e5fde77b5926f4", size = 1801103, upload-time = "2026-01-03T02:03:15.256Z" },
]
