version = 1
revision = 3
requires-python = ">=3.13"

[[package]]
name = "ai-container"
version = "0.7.0"
source = { editable = "." }
dependencies = [
    { name = "click" },
    { name = "rich-click" },
    { name = "rust-just" },
]

[package.metadata]
requires-dist = [
    { name = "click" },
    { name = "rich-click", specifier = ">=1.8.0" },
    { name = "rust-just", specifier = ">=1.46.0" },
]

[[package]]
name = "click"
version = "8.3.1"
source = { registry = "https://pypi.org/simple" }
dependencies = [
    { name = "colorama", marker = "sys_platform == 'win32'" },
]
sdist = { url = "https://files.pythonhosted.org/packages/3d/fa/656b739db8587d7b5dfa22e22ed02566950fbfbcdc20311993483657a5c0/click-8.3.1.tar.gz", hash = "sha256:12ff4785d337a1bb490bb7e9c2b1ee5da3112e94a8622f26a6c77f5d2fc6842a", size = 295065, upload-time = "2025-11-15T20:45:42.706Z" }
wheels = [
    { url = "https://files.pythonhosted.org/packages/98/78/01c019cdb5d6498122777c1a43056ebb3ebfeef2076d9d026bfe15583b2b/click-8.3.1-py3-none-any.whl", hash = "sha256:981153a64e25f12d547d3426c367a4857371575ee7ad18df2a6183ab0545b2a6", size = 108274, upload-time = "2025-11-15T20:45:41.139Z" },
]

[[package]]
name = "colorama"
version = "0.4.6"
source = { registry = "https://pypi.org/simple" }
sdist = { url = "https://files.pythonhosted.org/packages/d8/53/6f443c9a4a8358a93a6792e2acffb9d9d5cb0a5cfd8802644b7b1c9a02e4/colorama-0.4.6.tar.gz", hash = "sha256:08695f5cb7ed6e0531a20572697297273c47b8cae5a63ffc6d6ed5c201be6e44", size = 27697, upload-time = "2022-10-25T02:36:22.414Z" }
wheels = [
    { url = "https://files.pythonhosted.org/packages/d1/d6/3965ed04c63042e047cb6a3e6ed1a63a35087b6a609aa3a15ed8ac56c221/colorama-0.4.6-py2.py3-none-any.whl", hash = "sha256:4f1d9991f5acc0ca119f9d443620b77f9d6b33703e51011c16baf57afb285fc6", size = 25335, upload-time = "2022-10-25T02:36:20.889Z" },
]

[[package]]
name = "markdown-it-py"
version = "4.0.0"
source = { registry = "https://pypi.org/simple" }
dependencies = [
    { name = "mdurl" },
]
sdist = { url = "https://files.pythonhosted.org/packages/5b/f5/4ec618ed16cc4f8fb3b701563655a69816155e79e24a17b651541804721d/markdown_it_py-4.0.0.tar.gz", hash = "sha256:cb0a2b4aa34f932c007117b194e945bd74e0ec24133ceb5bac59009cda1cb9f3", size = 73070, upload-time = "2025-08-11T12:57:52.854Z" }
wheels = [
    { url = "https://files.pythonhosted.org/packages/94/54/e7d793b573f298e1c9013b8c4dade17d481164aa517d1d7148619c2cedbf/markdown_it_py-4.0.0-py3-none-any.whl", hash = "sha256:87327c59b172c5011896038353a81343b6754500a08cd7a4973bb48c6d578147", size = 87321, upload-time = "2025-08-11T12:57:51.923Z" },
]

[[package]]
name = "mdurl"
version = "0.1.2"
source = { registry = "https://pypi.org/simple" }
sdist = { url = "https://files.pythonhosted.org/packages/d6/54/cfe61301667036ec958cb99bd3efefba235e65cdeb9c84d24a8293ba1d90/mdurl-0.1.2.tar.gz", hash = "sha256:bb413d29f5eea38f31dd4754dd7377d4465116fb207585f97bf925588687c1ba", size = 8729, upload-time = "2022-08-14T12:40:10.846Z" }
wheels = [
    { url = "https://files.pythonhosted.org/packages/b3/38/89ba8ad64ae25be8de66a6d463314cf1eb366222074cfda9ee839c56a4b4/mdurl-0.1.2-py3-none-any.whl", hash = "sha256:84008a41e51615a49fc9966191ff91509e3c40b939176e643fd50a5c2196b8f8", size = 9979, upload-time = "2022-08-14T12:40:09.779Z" },
]

[[package]]
name = "pygments"
version = "2.19.2"
source = { registry = "https://pypi.org/simple" }
sdist = { url = "https://files.pythonhosted.org/packages/b0/77/a5b8c569bf593b0140bde72ea885a803b82086995367bf2037de0159d924/pygments-2.19.2.tar.gz", hash = "sha256:636cb2477cec7f8952536970bc533bc43743542f70392ae026374600add5b887", size = 4968631, upload-time = "2025-06-21T13:39:12.283Z" }
wheels = [
    { url = "https://files.pythonhosted.org/packages/c7/21/705964c7812476f378728bdf590ca4b771ec72385c533964653c68e86bdc/pygments-2.19.2-py3-none-any.whl", hash = "sha256:86540386c03d588bb81d44bc3928634ff26449851e99741617ecb9037ee5ec0b", size = 1225217, upload-time = "2025-06-21T13:39:07.939Z" },
]

[[package]]
name = "rich"
version = "14.3.1"
source = { registry = "https://pypi.org/simple" }
dependencies = [
    { name = "markdown-it-py" },
    { name = "pygments" },
]
sdist = { url = "https://files.pythonhosted.org/packages/a1/84/4831f881aa6ff3c976f6d6809b58cdfa350593ffc0dc3c58f5f6586780fb/rich-14.3.1.tar.gz", hash = "sha256:b8c5f568a3a749f9290ec6bddedf835cec33696bfc1e48bcfecb276c7386e4b8", size = 230125, upload-time = "2026-01-24T21:40:44.847Z" }
wheels = [
    { url = "https://files.pythonhosted.org/packages/87/2a/a1810c8627b9ec8c57ec5ec325d306701ae7be50235e8fd81266e002a3cc/rich-14.3.1-py3-none-any.whl", hash = "sha256:da750b1aebbff0b372557426fb3f35ba56de8ef954b3190315eb64076d6fb54e", size = 309952, upload-time = "2026-01-24T21:40:42.969Z" },
]

[[package]]
name = "rich-click"
version = "1.9.6"
source = { registry = "https://pypi.org/simple" }
dependencies = [
    { name = "click" },
    { name = "colorama", marker = "sys_platform == 'win32'" },
    { name = "rich" },
]
sdist = { url = "https://files.pythonhosted.org/packages/4b/50/1497dbc52297d6759451bf5a991e9b2d0a122a5d33ac8cd057f81cb9910a/rich_click-1.9.6.tar.gz", hash = "sha256:463bd3dbef54a812282bfa93dde80c471bce359823fc1301be368eab63391cb2", size = 74777, upload-time = "2026-01-22T02:43:58.374Z" }
wheels = [
    { url = "https://files.pythonhosted.org/packages/47/87/508930def644be9fb86fec63520151921061c152289b98798017a498d678/rich_click-1.9.6-py3-none-any.whl", hash = "sha256:e78d71e3f73a55548e573ccfd964e18503936e2e736a4a1f74c6c29479a2a054", size = 71430, upload-time = "2026-01-22T02:43:56.939Z" },
]

[[package]]
name = "rust-just"
version = "1.46.0"
source = { registry = "https://pypi.org/simple" }
sdist = { url = "https://files.pythonhosted.org/packages/26/50/3828817f76e19977a4048c2c8b39a7f48babc21dd9dbed4af2f3c18d4570/rust_just-1.46.0.tar.gz", hash = "sha256:84437481c814577529835132e2cc5fcc35a981c1712e4877cb20fc2f5ec5b2d6", size = 1447346, upload-time = "2026-01-03T02:03:17.948Z" }
wheels = [
    { url = "https://files.pythonhosted.org/packages/53/0b/a5bf2707b02a484d91f8275efa39f76fe19304f5bfba82293fa4b18608d2/rust_just-1.46.0-py3-none-macosx_10_12_x86_64.whl", hash = "sha256:7d6d4c67a443f1acb1f78f9ba4b3349fa04f17e8be2d4448b771cdc93a382812", size = 1739556, upload-time = "2026-01-03T02:02:42.835Z" },
    { url = "https://files.pythonhosted.org/packages/3a/ae/40bcd996ccb2fcb0152b5bfde7beaf3840877a8837611421c495b45c82da/rust_just-1.46.0-py3-none-macosx_11_0_arm64.whl", hash = "sha256:0caf9b77d30455558d017c9e625ce94c373f88d81656477127727604fa5d36ab", size = 1620974, upload-time = "2026-01-03T02:02:45.341Z" },
    { url = "https://files.pythonhosted.org/packages/62/36/7067e0eaf674ed7c98b35ed50d713c0c885f2d2b57847a627e11502da1b8/rust_just-1.46.0-py3-none-manylinux_2_17_aarch64.manylinux2014_aarch64.whl", hash = "sha256:0b63521acd91c65164c202ded3ae730130c7fb4377f59cd2f9847b45161c94fd", size = 1703423, upload-time = "2026-01-03T02:02:47.681Z" },
    { url = "https://files.pythonhosted.org/packages/dd/47/3e98182f5e03c48880d647651385863552a3e24cfec5c51d116c06e6f180/rust_just-1.46.0-py3-none-manylinux_2_17_armv7l.manylinux2014_armv7l.whl", hash = "sha256:46a35110c7acf27bdded79cf3bbfea9eb80a53f6f81f374248fe3340584c92e5", size = 1666645, upload-time = "2026-01-03T02:02:50.38Z" },
    { url = "https://files.pythonhosted.org/packages/95/5e/b9badf6e6982e5744f076d12ab911e5ac8b4b03a0674bab4f498ed9d0b4c/rust_just-1.46.0-py3-none-manylinux_2_17_i686.manylinux2014_i686.whl", hash = "sha256:1a2407cefc2e5ed4527297747bd5bcb61a885776021cb2438c3a7b118b2cabc2", size = 1847430, upload-time = "2026-01-03T02:02:52.716Z" },
    { url = "https://files.pythonhosted.org/packages/98/10/6916d7c862b99de600a1fd3739d13353c220dfbc0229a0b2c5012c2f801d/rust_just-1.46.0-py3-none-manylinux_2_17_ppc64le.manylinux2014_ppc64le.whl", hash = "sha256:0dab319619f600561b993242312a344953b1ea44637b30257af905a70ce6f568", size = 1926224, upload-time = "2026-01-03T02:02:55.194Z" },
    { url = "https://files.pythonhosted.org/packages/24/93/18bc615e68a80f43105d5e7cc3571e85776aec829ac40faae4de5d5dc2f3/rust_just-1.46.0-py3-none-manylinux_2_17_s390x.manylinux2014_s390x.whl", hash = "sha256:a3b4c26dd86e5d96047fc0935967f22cb9f49c687767d78b7d3fe511eba39ffa", size = 1902165, upload-time = "2026-01-03T02:02:57.636Z" },
    { url = "https://files.pythonhosted.org/packages/2c/1e/e3c19a24ff64e78a04df0bdf4c61e15c28dcac8b7b5c3a5505eb5749d40a/rust_just-1.46.0-py3-none-manylinux_2_17_x86_64.manylinux2014_x86_64.whl", hash = "sha256:acdb496ca26efc508be0e625309b74b1f6316b4f7295d13247c3b791dfa77eb1", size = 1835209, upload-time = "2026-01-03T02:03:00.256Z" },
    { url = "https://files.pythonhosted.org/packages/26/75/0850c38e41025794826165329a097f657152902a785c0579f213b7d61ae6/rust_just-1.46.0-py3-none-musllinux_1_2_aarch64.whl", hash = "sha256:3cf1c32a258f8ee44af877ec271e2eea257923a3303a6d2610b0b5f1523daaab", size = 1719519, upload-time = "2026-01-03T02:03:02.774Z" },
    { url = "https://files.pythonhosted.org/packages/48/85/53c6ee2b9cdbbe1bd43cd0f8096036c29e9e6ba2d3d6344206c490e2ce18/rust_just-1.46.0-py3-none-musllinux_1_2_armv7l.whl", hash = "sha256:657ab85882c124b0fbcd75763035d0dbd20b06c582cc6d4f55017d7b517d5a89", size = 1685664, upload-time = "2026-01-03T02:03:05.514Z" },
    { url = "https://files.pythonhosted.org/packages/33/04/1ad3a66bef0d0f554f0f9971b048bbaf7b3955458f3fda47b48fbf8ff009/rust_just-1.46.0-py3-none-musllinux_1_2_i686.whl", hash = "sha256:644b71bfe68863b71ee2618a88dbfd446ea70e2dcfa7b0e5eaec7b6dc4faceca", size = 1838231, upload-time = "2026-01-03T02:03:07.618Z" },
    { url = "https://files.pythonhosted.org/packages/ab/75/33c2e887a68e57b356cda74d325d6ebe406bb72ad8c4e2d067d4fa9b697b/rust_just-1.46.0-py3-none-musllinux_1_2_x86_64.whl", hash = "sha256:e9d8a879fb86eb1c7f7f83953999ae4ce53ea4e5c0ca531cf6ff09e1e9335ff7", size = 1900319, upload-time = "2026-01-03T02:03:09.873Z" },
    { url = "https://files.pythonhosted.org/packages/44/30/6b1677aa64a4f69f3ec174b5e2a9a49e0ffd06946d4b4dc8295366fbd9dd/rust_just-1.46.0-py3-none-win32.whl", hash = "sha256:100701de91bded3f6f2bf564d09c2f8e483b8dfb490d1c74008ce3c01ff0ff67", size = 1623463, upload-time = "2026-01-03T02:03:12.343Z" },
    { url = "https://files.pythonhosted.org/packages/64/61/97ad7a1ea67b9485404b18150c258015842cf116a1ce626421863fd8f0e1/rust_just-1.46.0-py3-none-win_amd64.whl", hash = "sha256:ccaf8e473f64f5c815b0039e883a1feaf5634b9cdffd1dbff9e5fde77b5926f4", size = 1801103, upload-time = "2026-01-03T02:03:15.256Z" },
]
